
Microsoft Visual Studio Solution File, Format Version 12.00
# Visual Studio Version 16
VisualStudioVersion = 16.0.31410.357
MinimumVisualStudioVersion = 10.0.40219.1
Project("{FAE04EC0-301F-11D3-BF4B-00C04F79EFBC}") = "CarSellerShop", "CarSellerShop\CarSellerShop.csproj", "{30411D09-617C-41F6-948C-112673C51A43}"
EndProject
Global
	GlobalSection(SolutionConfigurationPlatforms) = preSolution
		Debug|Any CPU = Debug|Any CPU
		Release|Any CPU = Release|Any CPU
	EndGlobalSection
	GlobalSection(ProjectConfigurationPlatforms) = postSolution
		{30411D09-617C-41F6-948C-112673C51A43}.Debug|Any CPU.ActiveCfg = Debug|Any CPU
		{30411D09-617C-41F6-948C-112673C51A43}.Debug|Any CPU.Build.0 = Debug|Any CPU
		{30411D09-617C-41F6-948C-112673C51A43}.Release|Any CPU.ActiveCfg = Release|Any CPU
		{30411D09-617C-41F6-948C-112673C51A43}.Release|Any CPU.Build.0 = Release|Any CPU
	EndGlobalSection
	GlobalSection(SolutionProperties) = preSolution
		HideSolutionNode = FALSE
	EndGlobalSection
	GlobalSection(ExtensibilityGlobals) = postSolution
		SolutionGuid = {81F9B431-AFB2-451D-AE6F-C74D0CFD148C}
	EndGlobalSection
EndGlobal
